
PODS:
  - GoogleUtilities/NSData+zlib (~> 6.0)
  - AFNetworking/Reachability
  - "AFNetworking/Reachability (~ 2.3.3)"
  - FXBlurView (1.6.3)
  - GoogleAppMeasurement (6.3.0):
    - GoogleUtilities/AppDelegateSwizzler (~> 6.0)
    - GoogleUtilities/MethodSwizzler (~> 6.0)
    - GoogleUtilities/MethodSwizzler (~> 6.0)
    - GoogleUtilities/MethodSwizzler (~> 6.0)
    - GoogleUtilities/MethodSwizzler (~> 6.0)
    - GoogleUtilities/NSData+zlib (~> 6.0)
    - GoogleUtilities/NSData+zlib (~> 6.0)
    - GoogleUtilities/NSData+zlib (~> 6.0)

DEPENDENCIES:
asdfasdfasd sdf sd e

EXTERNAL SOURCES:
  EdsPush:
    :branch: "feature/mooc_dev_4.6.0"
    :branch: feature/mooc_dev_4.6.0
    :branch: feature/mooc_dev_4.6.0
    :branch: feature/mooc_dev_4.6.0
    :branch: "feature/mooc_dev_4.6.0"
  EdsPush:
    :branch: "feature/mooc_dev_4.6.0"
    :branch: feature/mooc_dev_4.6.0
    :branch: feature/mooc_dev_4.6.0
    :branch: feature/mooc_dev_4.6.0
    :git: "ssh://git@g.hz.netease.com:22222/JY-iOS/EdsPush.git"
  EMFlutterKitDebug:
    :git: "ssh://git@g.hz.netease.com:22222/JY-iOS/EdsPush.git"
    :git: "ssh://git@g.hz.netease.com:22222/JY-iOS/EdsPush.git"
    :git: "ssh://git@g.hz.netease.com:22222/JY-iOS/edu-mooc/emflutterkitdebug.git"
    :git: "ssh://git@g.hz.netease.com:22222/JY-iOS/EdsPush.git"
    :git: "ssh://git@g.hz.netease.com:22222/JY-iOS/EdsPush.git"
  EMNetworkService:
    :path: EMNetworkService
  JYFAudioPlayer:
    :branch: master
    :git: "ssh://git@g.hz.netease.com:22222/JY-iOS/JYFAudioPlayer.git"

CHECKOUT OPTIONS:
